
Microsoft Visual Studio Solution File, Format Version 12.00
Project("{FAE04EC0-301F-11D3-BF4B-00C04F79EFBC}") = "RayzorBlade98.Sts2.OnePiece", "RayzorBlade98.Sts2.OnePiece.csproj", "{D4D677E5-7C45-42A3-B758-6CFA570A637A}"
EndProject
Global
	GlobalSection(SolutionConfigurationPlatforms) = preSolution
		Debug|Any CPU = Debug|Any CPU
		ExportDebug|Any CPU = ExportDebug|Any CPU
		ExportRelease|Any CPU = ExportRelease|Any CPU
	EndGlobalSection
	GlobalSection(ProjectConfigurationPlatforms) = postSolution
		{D4D677E5-7C45-42A3-B758-6CFA570A637A}.Debug|Any CPU.ActiveCfg = Debug|Any CPU
		{D4D677E5-7C45-42A3-B758-6CFA570A637A}.Debug|Any CPU.Build.0 = Debug|Any CPU
		{D4D677E5-7C45-42A3-B758-6CFA570A637A}.ExportDebug|Any CPU.ActiveCfg = ExportDebug|Any CPU
		{D4D677E5-7C45-42A3-B758-6CFA570A637A}.ExportDebug|Any CPU.Build.0 = ExportDebug|Any CPU
		{D4D677E5-7C45-42A3-B758-6CFA570A637A}.ExportRelease|Any CPU.ActiveCfg = ExportRelease|Any CPU
		{D4D677E5-7C45-42A3-B758-6CFA570A637A}.ExportRelease|Any CPU.Build.0 = ExportRelease|Any CPU
	EndGlobalSection
EndGlobal
